
Microsoft Visual Studio Solution File, Format Version 12.00
# Visual Studio 15
VisualStudioVersion = 15.0.28307.1231
MinimumVisualStudioVersion = 10.0.40219.1
Project("{FAE04EC0-301F-11D3-BF4B-00C04F79EFBC}") = "Projeto_MVC_Agenda_WinForms", "Projeto_MVC_Agenda_WinForms\Projeto_MVC_Agenda_WinForms.csproj", "{D3CCD4F9-71C6-4692-A9C8-1DED9C0A8663}"
EndProject
Global
	GlobalSection(SolutionConfigurationPlatforms) = preSolution
		Debug|Any CPU = Debug|Any CPU
		Release|Any CPU = Release|Any CPU
	EndGlobalSection
	GlobalSection(ProjectConfigurationPlatforms) = postSolution
		{D3CCD4F9-71C6-4692-A9C8-1DED9C0A8663}.Debug|Any CPU.ActiveCfg = Debug|Any CPU
		{D3CCD4F9-71C6-4692-A9C8-1DED9C0A8663}.Debug|Any CPU.Build.0 = Debug|Any CPU
		{D3CCD4F9-71C6-4692-A9C8-1DED9C0A8663}.Release|Any CPU.ActiveCfg = Release|Any CPU
		{D3CCD4F9-71C6-4692-A9C8-1DED9C0A8663}.Release|Any CPU.Build.0 = Release|Any CPU
	EndGlobalSection
	GlobalSection(SolutionProperties) = preSolution
		HideSolutionNode = FALSE
	EndGlobalSection
	GlobalSection(ExtensibilityGlobals) = postSolution
		SolutionGuid = {CC5AD369-1619-4995-885C-AC1F2F884653}
	EndGlobalSection
EndGlobal
